
Microsoft Visual Studio Solution File, Format Version 12.00
# Visual Studio 15
VisualStudioVersion = 15.0.28307.1433
MinimumVisualStudioVersion = 10.0.40219.1
Project("{D2ABAB84-BF74-430A-B69E-9DC6D40DDA17}") = "Main_Project", "Main_Project\Main_Project.dwproj", "{A5EC1820-3340-45BE-86C9-AD4A67456592}"
EndProject
Global
	GlobalSection(SolutionConfigurationPlatforms) = preSolution
		Development|Default = Development|Default
	EndGlobalSection
	GlobalSection(ProjectConfigurationPlatforms) = postSolution
		{A5EC1820-3340-45BE-86C9-AD4A67456592}.Development|Default.ActiveCfg = Development
		{A5EC1820-3340-45BE-86C9-AD4A67456592}.Development|Default.Build.0 = Development
		{A5EC1820-3340-45BE-86C9-AD4A67456592}.Development|Default.Deploy.0 = Development
	EndGlobalSection
	GlobalSection(SolutionProperties) = preSolution
		HideSolutionNode = FALSE
	EndGlobalSection
	GlobalSection(ExtensibilityGlobals) = postSolution
		SolutionGuid = {E7010C87-9B98-4116-8450-3A4B0DC177EF}
	EndGlobalSection
EndGlobal
